// !$*UTF8*$!
{
	archiveVersion = 1;
	classes = {
	};
	objectVersion = 46;
	objects = {

/* Begin PBXBuildFile section */
		546B5F1B1F0E81A200F37CB0 /* AppDelegate.swift in Sources */ = {isa = PBXBuildFile; fileRef = 546B5F1A1F0E81A200F37CB0 /* AppDelegate.swift */; };
		546B5F1D1F0E81A200F37CB0 /* ViewController.swift in Sources */ = {isa = PBXBuildFile; fileRef = 546B5F1C1F0E81A200F37CB0 /* ViewController.swift */; };
		546B5F201F0E81A200F37CB0 /* Main.storyboard in Resources */ = {isa = PBXBuildFile; fileRef = 546B5F1E1F0E81A200F37CB0 /* Main.storyboard */; };
		546B5F221F0E81A200F37CB0 /* Assets.xcassets in Resources */ = {isa = PBXBuildFile; fileRef = 546B5F211F0E81A200F37CB0 /* Assets.xcassets */; };
		546B5F251F0E81A200F37CB0 /* LaunchScreen.storyboard in Resources */ = {isa = PBXBuildFile; fileRef = 546B5F231F0E81A200F37CB0 /* LaunchScreen.storyboard */; };
/* End PBXBuildFile section */

/* Begin PBXFileReference section */
		546B5F171F0E81A200F37CB0 /* Cold_Call.app */ = {isa = PBXFileReference; explicitFileType = wrapper.application; includeInIndex = 0; path = Cold_Call.app; sourceTree = BUILT_PRODUCTS_DIR; };
		546B5F1A1F0E81A200F37CB0 /* AppDelegate.swift */ = {isa = PBXFileReference; lastKnownFileType = sourcecode.swift; path = AppDelegate.swift; sourceTree = "<group>"; };
		546B5F1C1F0E81A200F37CB0 /* ViewController.swift */ = {isa = PBXFileReference; lastKnownFileType = sourcecode.swift; path = ViewController.swift; sourceTree = "<group>"; };
		546B5F1F1F0E81A200F37CB0 /* Base */ = {isa = PBXFileReference; lastKnownFileType = file.storyboard; name = Base; path = Base.lproj/Main.storyboard; sourceTree = "<group>"; };
		546B5F211F0E81A200F37CB0 /* Assets.xcassets */ = {isa = PBXFileReference; lastKnownFileType = folder.assetcatalog; path = Assets.xcassets; sourceTree = "<group>"; };
		546B5F241F0E81A200F37CB0 /* Base */ = {isa = PBXFileReference; lastKnownFileType = file.storyboard; name = Base; path = Base.lproj/LaunchScreen.storyboard; sourceTree = "<group>"; };
		546B5F261F0E81A200F37CB0 /* Info.plist */ = {isa = PBXFileReference; lastKnownFileType = text.plist.xml; path = Info.plist; sourceTree = "<group>"; };
/* End PBXFileReference section */

/* Begin PBXFrameworksBuildPhase section */
		546B5F141F0E81A200F37CB0 /* Frameworks */ = {
			isa = PBXFrameworksBuildPhase;
			buildActionMask = 2147483647;
			files = (
			);
			runOnlyForDeploymentPostprocessing = 0;
		};
/* End PBXFrameworksBuildPhase section */

/* Begin PBXGroup section */
		546B5F0E1F0E81A200F37CB0 = {
			isa = PBXGroup;
			children = (
				546B5F191F0E81A200F37CB0 /* Cold_Call */,
				546B5F181F0E81A200F37CB0 /* Products */,
			);
			sourceTree = "<group>";
		};
		546B5F181F0E81A200F37CB0 /* Products */ = {
			isa = PBXGroup;
			children = (
				546B5F171F0E81A200F37CB0 /* Cold_Call.app */,
			);
			name = Products;
			sourceTree = "<group>";
		};
		546B5F191F0E81A200F37CB0 /* Cold_Call */ = {
			isa = PBXGroup;
			children = (
				546B5F1A1F0E81A200F37CB0 /* AppDelegate.swift */,
				546B5F1C1F0E81A200F37CB0 /* ViewController.swift */,
				546B5F1E1F0E81A200F37CB0 /* Main.storyboard */,
				546B5F211F0E81A200F37CB0 /* Assets.xcassets */,
				546B5F231F0E81A200F37CB0 /* LaunchScreen.storyboard */,
				546B5F261F0E81A200F37CB0 /* Info.plist */,
			);
			path = Cold_Call;
			sourceTree = "<group>";
		};
/* End PBXGroup section */

/* Begin PBXNativeTarget section */
		546B5F161F0E81A200F37CB0 /* Cold_Call */ = {
			isa = PBXNativeTarget;
			buildConfigurationList = 546B5F291F0E81A200F37CB0 /* Build configuration list for PBXNativeTarget "Cold_Call" */;
			buildPhases = (
				546B5F131F0E81A200F37CB0 /* Sources */,
				546B5F141F0E81A200F37CB0 /* Frameworks */,
				546B5F151F0E81A200F37CB0 /* Resources */,
			);
			buildRules = (
			);
			dependencies = (
			);
			name = Cold_Call;
			productName = Cold_Call;
			productReference = 546B5F171F0E81A200F37CB0 /* Cold_Call.app */;
			productType = "com.apple.product-type.application";
		};
/* End PBXNativeTarget section */

/* Begin PBXProject section */
		546B5F0F1F0E81A200F37CB0 /* Project object */ = {
			isa = PBXProject;
			attributes = {
				LastSwiftUpdateCheck = 0830;
				LastUpgradeCheck = 0830;
				ORGANIZATIONNAME = "Seth Bishop";
				TargetAttributes = {
					546B5F161F0E81A200F37CB0 = {
						CreatedOnToolsVersion = 8.3.3;
						ProvisioningStyle = Automatic;
					};
				};
			};
			buildConfigurationList = 546B5F121F0E81A200F37CB0 /* Build configuration list for PBXProject "Cold_Call" */;
			compatibilityVersion = "Xcode 3.2";
			developmentRegion = English;
			hasScannedForEncodings = 0;
			knownRegions = (
				en,
				Base,
			);
			mainGroup = 546B5F0E1F0E81A200F37CB0;
			productRefGroup = 546B5F181F0E81A200F37CB0 /* Products */;
			projectDirPath = "";
			projectRoot = "";
			targets = (
				546B5F161F0E81A200F37CB0 /* Cold_Call */,
			);
		};
/* End PBXProject section */

/* Begin PBXResourcesBuildPhase section */
		546B5F151F0E81A200F37CB0 /* Resources */ = {
			isa = PBXResourcesBuildPhase;
			buildActionMask = 2147483647;
			files = (
				546B5F251F0E81A200F37CB0 /* LaunchScreen.storyboard in Resources */,
				546B5F221F0E81A200F37CB0 /* Assets.xcassets in Resources */,
				546B5F201F0E81A200F37CB0 /* Main.storyboard in Resources */,
			);
			runOnlyForDeploymentPostprocessing = 0;
		};
/* End PBXResourcesBuildPhase section */

/* Begin PBXSourcesBuildPhase section */
		546B5F131F0E81A200F37CB0 /* Sources */ = {
			isa = PBXSourcesBuildPhase;
			buildActionMask = 2147483647;
			files = (
				546B5F1D1F0E81A200F37CB0 /* ViewController.swift in Sources */,
				546B5F1B1F0E81A200F37CB0 /* AppDelegate.swift in Sources */,
			);
			runOnlyForDeploymentPostprocessing = 0;
		};
/* End PBXSourcesBuildPhase section */

/* Begin PBXVariantGroup section */
		546B5F1E1F0E81A200F37CB0 /* Main.storyboard */ = {
			isa = PBXVariantGroup;
			children = (
				546B5F1F1F0E81A200F37CB0 /* Base */,
			);
			name = Main.storyboard;
			sourceTree = "<group>";
		};
		546B5F231F0E81A200F37CB0 /* LaunchScreen.storyboard */ = {
			isa = PBXVariantGroup;
			children = (
				546B5F241F0E81A200F37CB0 /* Base */,
			);
			name = LaunchScreen.storyboard;
			sourceTree = "<group>";
		};
/* End PBXVariantGroup section */

/* Begin XCBuildConfiguration section */
		546B5F271F0E81A200F37CB0 /* Debug */ = {
			isa = XCBuildConfiguration;
			buildSettings = {
				ALWAYS_SEARCH_USER_PATHS = NO;
				CLANG_ANALYZER_NONNULL = YES;
				CLANG_ANALYZER_NUMBER_OBJECT_CONVERSION = YES_AGGRESSIVE;
				CLANG_CXX_LANGUAGE_STANDARD = "gnu++0x";
				CLANG_CXX_LIBRARY = "libc++";
				CLANG_ENABLE_MODULES = YES;
				CLANG_ENABLE_OBJC_ARC = YES;
				CLANG_WARN_BOOL_CONVERSION = YES;
				CLANG_WARN_CONSTANT_CONVERSION = YES;
				CLANG_WARN_DIRECT_OBJC_ISA_USAGE = YES_ERROR;
				CLANG_WARN_DOCUMENTATION_COMMENTS = YES;
				CLANG_WARN_EMPTY_BODY = YES;
				CLANG_WARN_ENUM_CONVERSION = YES;
				CLANG_WARN_INFINITE_RECURSION = YES;
				CLANG_WARN_INT_CONVERSION = YES;
				CLANG_WARN_OBJC_ROOT_CLASS = YES_ERROR;
				CLANG_WARN_SUSPICIOUS_MOVE = YES;
				CLANG_WARN_UNREACHABLE_CODE = YES;
				CLANG_WARN__DUPLICATE_METHOD_MATCH = YES;
				"CODE_SIGN_IDENTITY[sdk=iphoneos*]" = "iPhone Developer";
				COPY_PHASE_STRIP = NO;
				DEBUG_INFORMATION_FORMAT = dwarf;
				ENABLE_STRICT_OBJC_MSGSEND = YES;
				ENABLE_TESTABILITY = YES;
				GCC_C_LANGUAGE_STANDARD = gnu99;
				GCC_DYNAMIC_NO_PIC = NO;
				GCC_NO_COMMON_BLOCKS = YES;
				GCC_OPTIMIZATION_LEVEL = 0;
				GCC_PREPROCESSOR_DEFINITIONS = (
					"DEBUG=1",
					"$(inherited)",
				);
				GCC_WARN_64_TO_32_BIT_CONVERSION = YES;
				GCC_WARN_ABOUT_RETURN_TYPE = YES_ERROR;
				GCC_WARN_UNDECLARED_SELECTOR = YES;
				GCC_WARN_UNINITIALIZED_AUTOS = YES_AGGRESSIVE;
				GCC_WARN_UNUSED_FUNCTION = YES;
				GCC_WARN_UNUSED_VARIABLE = YES;
				IPHONEOS_DEPLOYMENT_TARGET = 10.3;
				MTL_ENABLE_DEBUG_INFO = YES;
				ONLY_ACTIVE_ARCH = YES;
				SDKROOT = iphoneos;
				SWIFT_ACTIVE_COMPILATION_CONDITIONS = DEBUG;
				SWIFT_OPTIMIZATION_LEVEL = "-Onone";
				TARGETED_DEVICE_FAMILY = "1,2";
			};
			name = Debug;
		};
		546B5F281F0E81A200F37CB0 /* Release */ = {
			isa = XCBuildConfiguration;
			buildSettings = {
				ALWAYS_SEARCH_USER_PATHS = NO;
				CLANG_ANALYZER_NONNULL = YES;
				CLANG_ANALYZER_NUMBER_OBJECT_CONVERSION = YES_AGGRESSIVE;
				CLANG_CXX_LANGUAGE_STANDARD = "gnu++0x";
				CLANG_CXX_LIBRARY = "libc++";
				CLANG_ENABLE_MODULES = YES;
				CLANG_ENABLE_OBJC_ARC = YES;
				CLANG_WARN_BOOL_CONVERSION = YES;
				CLANG_WARN_CONSTANT_CONVERSION = YES;
				CLANG_WARN_DIRECT_OBJC_ISA_USAGE = YES_ERROR;
				CLANG_WARN_DOCUMENTATION_COMMENTS = YES;
				CLANG_WARN_EMPTY_BODY = YES;
				CLANG_WARN_ENUM_CONVERSION = YES;
				CLANG_WARN_INFINITE_RECURSION = YES;
				CLANG_WARN_INT_CONVERSION = YES;
				CLANG_WARN_OBJC_ROOT_CLASS = YES_ERROR;
				CLANG_WARN_SUSPICIOUS_MOVE = YES;
				CLANG_WARN_UNREACHABLE_CODE = YES;
				CLANG_WARN__DUPLICATE_METHOD_MATCH = YES;
				"CODE_SIGN_IDENTITY[sdk=iphoneos*]" = "iPhone Developer";
				COPY_PHASE_STRIP = NO;
				DEBUG_INFORMATION_FORMAT = "dwarf-with-dsym";
				ENABLE_NS_ASSERTIONS = NO;
				ENABLE_STRICT_OBJC_MSGSEND = YES;
				GCC_C_LANGUAGE_STANDARD = gnu99;
				GCC_NO_COMMON_BLOCKS = YES;
				GCC_WARN_64_TO_32_BIT_CONVERSION = YES;
				GCC_WARN_ABOUT_RETURN_TYPE = YES_ERROR;
				GCC_WARN_UNDECLARED_SELECTOR = YES;
				GCC_WARN_UNINITIALIZED_AUTOS = YES_AGGRESSIVE;
				GCC_WARN_UNUSED_FUNCTION = YES;
				GCC_WARN_UNUSED_VARIABLE = YES;
				IPHONEOS_DEPLOYMENT_TARGET = 10.3;
				MTL_ENABLE_DEBUG_INFO = NO;
				SDKROOT = iphoneos;
				SWIFT_OPTIMIZATION_LEVEL = "-Owholemodule";
				TARGETED_DEVICE_FAMILY = "1,2";
				VALIDATE_PRODUCT = YES;
			};
			name = Release;
		};
		546B5F2A1F0E81A200F37CB0 /* Debug */ = {
			isa = XCBuildConfiguration;
			buildSettings = {
				ASSETCATALOG_COMPILER_APPICON_NAME = AppIcon;
				INFOPLIST_FILE = Cold_Call/Info.plist;
				LD_RUNPATH_SEARCH_PATHS = "$(inherited) @executable_path/Frameworks";
				PRODUCT_BUNDLE_IDENTIFIER = "com.sethrollsout.Cold-Call";
				PRODUCT_NAME = "$(TARGET_NAME)";
				SWIFT_VERSION = 3.0;
			};
			name = Debug;
		};
		546B5F2B1F0E81A200F37CB0 /* Release */ = {
			isa = XCBuildConfiguration;
			buildSettings = {
				ASSETCATALOG_COMPILER_APPICON_NAME = AppIcon;
				INFOPLIST_FILE = Cold_Call/Info.plist;
				LD_RUNPATH_SEARCH_PATHS = "$(inherited) @executable_path/Frameworks";
				PRODUCT_BUNDLE_IDENTIFIER = "com.sethrollsout.Cold-Call";
				PRODUCT_NAME = "$(TARGET_NAME)";
				SWIFT_VERSION = 3.0;
			};
			name = Release;
		};
/* End XCBuildConfiguration section */

/* Begin XCConfigurationList section */
		546B5F121F0E81A200F37CB0 /* Build configuration list for PBXProject "Cold_Call" */ = {
			isa = XCConfigurationList;
			buildConfigurations = (
				546B5F271F0E81A200F37CB0 /* Debug */,
				546B5F281F0E81A200F37CB0 /* Release */,
			);
			defaultConfigurationIsVisible = 0;
			defaultConfigurationName = Release;
		};
		546B5F291F0E81A200F37CB0 /* Build configuration list for PBXNativeTarget "Cold_Call" */ = {
			isa = XCConfigurationList;
			buildConfigurations = (
				546B5F2A1F0E81A200F37CB0 /* Debug */,
				546B5F2B1F0E81A200F37CB0 /* Release */,
			);
			defaultConfigurationIsVisible = 0;
		};
/* End XCConfigurationList section */
	};
	rootObject = 546B5F0F1F0E81A200F37CB0 /* Project object */;
}
